
Microsoft Visual Studio Solution File, Format Version 12.00
# Visual Studio Version 17
VisualStudioVersion = 17.3.32804.467
MinimumVisualStudioVersion = 10.0.40219.1
Project("{9A19103F-16F7-4668-BE54-9A1E7A4F7556}") = "Entities", "Entities\Entities.csproj", "{2D5695AE-371E-48A8-B499-D315791F5AB2}"
EndProject
Project("{9A19103F-16F7-4668-BE54-9A1E7A4F7556}") = "DataAccess", "DataAccess\DataAccess.csproj", "{072656EA-DF75-4D2C-98F4-14ED5461397F}"
EndProject
Project("{9A19103F-16F7-4668-BE54-9A1E7A4F7556}") = "Business", "Business\Business.csproj", "{AB5120EA-9ACF-47EA-B464-1EA99D939C53}"
EndProject
Project("{2150E333-8FDC-42A3-9474-1A3956D46DE8}") = "Solution Items", "Solution Items", "{FEDFE565-4DDB-4C50-BCF6-76040903DDDF}"
	ProjectSection(SolutionItems) = preProject
		TextFile1.txt = TextFile1.txt
	EndProjectSection
EndProject
Project("{FAE04EC0-301F-11D3-BF4B-00C04F79EFBC}") = "WebUI", "WebUI\WebUI.csproj", "{3276AC05-76D0-485B-81F5-4843178CAA0F}"
EndProject
Global
	GlobalSection(SolutionConfigurationPlatforms) = preSolution
		Debug|Any CPU = Debug|Any CPU
		Release|Any CPU = Release|Any CPU
	EndGlobalSection
	GlobalSection(ProjectConfigurationPlatforms) = postSolution
		{2D5695AE-371E-48A8-B499-D315791F5AB2}.Debug|Any CPU.ActiveCfg = Debug|Any CPU
		{2D5695AE-371E-48A8-B499-D315791F5AB2}.Debug|Any CPU.Build.0 = Debug|Any CPU
		{2D5695AE-371E-48A8-B499-D315791F5AB2}.Release|Any CPU.ActiveCfg = Release|Any CPU
		{2D5695AE-371E-48A8-B499-D315791F5AB2}.Release|Any CPU.Build.0 = Release|Any CPU
		{072656EA-DF75-4D2C-98F4-14ED5461397F}.Debug|Any CPU.ActiveCfg = Debug|Any CPU
		{072656EA-DF75-4D2C-98F4-14ED5461397F}.Debug|Any CPU.Build.0 = Debug|Any CPU
		{072656EA-DF75-4D2C-98F4-14ED5461397F}.Release|Any CPU.ActiveCfg = Release|Any CPU
		{072656EA-DF75-4D2C-98F4-14ED5461397F}.Release|Any CPU.Build.0 = Release|Any CPU
		{AB5120EA-9ACF-47EA-B464-1EA99D939C53}.Debug|Any CPU.ActiveCfg = Debug|Any CPU
		{AB5120EA-9ACF-47EA-B464-1EA99D939C53}.Debug|Any CPU.Build.0 = Debug|Any CPU
		{AB5120EA-9ACF-47EA-B464-1EA99D939C53}.Release|Any CPU.ActiveCfg = Release|Any CPU
		{AB5120EA-9ACF-47EA-B464-1EA99D939C53}.Release|Any CPU.Build.0 = Release|Any CPU
		{3276AC05-76D0-485B-81F5-4843178CAA0F}.Debug|Any CPU.ActiveCfg = Debug|Any CPU
		{3276AC05-76D0-485B-81F5-4843178CAA0F}.Debug|Any CPU.Build.0 = Debug|Any CPU
		{3276AC05-76D0-485B-81F5-4843178CAA0F}.Release|Any CPU.ActiveCfg = Release|Any CPU
		{3276AC05-76D0-485B-81F5-4843178CAA0F}.Release|Any CPU.Build.0 = Release|Any CPU
	EndGlobalSection
	GlobalSection(SolutionProperties) = preSolution
		HideSolutionNode = FALSE
	EndGlobalSection
	GlobalSection(ExtensibilityGlobals) = postSolution
		SolutionGuid = {3CA3287E-331F-4372-B5FD-8A0EBB953603}
	EndGlobalSection
EndGlobal
